[[tools.actionlint]]
version = "1.7.8"
backend = "aqua:rhysd/actionlint"

[tools.actionlint.platforms.macos-arm64]
checksum = "sha256:ffb1f6c429a51dc9f37af9d11f96c16bd52f54b713bf7f8bd92f7fce9fd4284a"
size = 2056182
url = "https://github.com/rhysd/actionlint/releases/download/v1.7.8/actionlint_1.7.8_darwin_arm64.tar.gz"

[[tools.cargo-binstall]]
version = "1.15.10"
backend = "aqua:cargo-bins/cargo-binstall"

[tools.cargo-binstall.platforms.macos-arm64]
checksum = "sha256:9aa40aca226028c4ec45637f060815d8899fb4e49fb6e97947280c83d34a82d8"
size = 5958077
url = "https://github.com/cargo-bins/cargo-binstall/releases/download/v1.15.10/cargo-binstall-aarch64-apple-darwin.zip"

[[tools."cargo:cargo-edit"]]
version = "0.13.7"
backend = "cargo:cargo-edit"

[[tools."cargo:cargo-insta"]]
version = "1.43.2"
backend = "cargo:cargo-insta"

[[tools."cargo:cargo-release"]]
version = "0.25.20"
backend = "cargo:cargo-release"

[[tools."cargo:git-cliff"]]
version = "2.10.1"
backend = "cargo:git-cliff"

[[tools.gh]]
version = "2.82.1"
backend = "aqua:cli/cli"

[tools.gh.platforms.macos-arm64]
checksum = "sha256:8cf015d101a5a43bbf662155d47ba6242bd1a1630c814e764254efa86e448ba7"
size = 17577889
url = "https://github.com/cli/cli/releases/download/v2.82.1/gh_2.82.1_macOS_arm64.zip"

[[tools."npm:prettier"]]
version = "3.6.2"
backend = "npm:prettier"

[[tools.pnpm]]
version = "10.20.0"
backend = "aqua:pnpm/pnpm"

[tools.pnpm.platforms.macos-arm64]
checksum = "sha256:6ce67b7b237b349fbb27a1f52fe0b3d6d754679fec2b31c9db98e134599f1371"
size = 62592784
url = "https://github.com/pnpm/pnpm/releases/download/v10.20.0/pnpm-macos-arm64"

[[tools.shellcheck]]
version = "0.11.0"
backend = "aqua:koalaman/shellcheck"

[tools.shellcheck.platforms.macos-arm64-shellcheck]
checksum = "blake3:dda081f041dedece533bf343f83422af6d478742fcb7b09f8875b787f4829f45"
