# @generated - this file is auto-generated by `mise lock` https://mise.jdx.dev/dev-tools/mise-lock.html

[[tools.actionlint]]
version = "1.7.10"
backend = "aqua:rhysd/actionlint"

[tools.actionlint."platforms.linux-x64"]
checksum = "sha256:f4c76b71db5755a713e6055cbb0857ed07e103e028bda117817660ebadb4386f"
url = "https://github.com/rhysd/actionlint/releases/download/v1.7.10/actionlint_1.7.10_linux_amd64.tar.gz"

[tools.actionlint."platforms.macos-arm64"]
checksum = "sha256:004ca87b367b37f4d75c55ab6cf80f9b8c043adbfbd440f31c604d417939c442"
url = "https://github.com/rhysd/actionlint/releases/download/v1.7.10/actionlint_1.7.10_darwin_arm64.tar.gz"

[[tools.aube]]
version = "1.0.0-beta.5"
backend = "github:endevco/aube"

[tools.aube."platforms.linux-x64"]
checksum = "sha256:70606c2d09d06538eb07de888bf7db5727e80de3c2e8997e08d8ac4bd06fa5ea"
url = "https://github.com/endevco/aube/releases/download/v1.0.0-beta.5/aube-v1.0.0-beta.5-x86_64-unknown-linux-gnu.tar.gz"
url_api = "https://api.github.com/repos/endevco/aube/releases/assets/399980361"

[tools.aube."platforms.macos-arm64"]
checksum = "sha256:dedacf0c40a208ef8a4a76967208e5e33de18873781cbe1c793b1d7058ea7451"
url = "https://github.com/endevco/aube/releases/download/v1.0.0-beta.5/aube-v1.0.0-beta.5-aarch64-apple-darwin.tar.gz"
url_api = "https://api.github.com/repos/endevco/aube/releases/assets/399980603"

[[tools.cargo-binstall]]
version = "1.17.4"
backend = "aqua:cargo-bins/cargo-binstall"

[tools.cargo-binstall."platforms.linux-x64"]
checksum = "sha256:8822793dd22a1fcfba6d7581ed130ec935fb26a0db58fb9b0f01f0fae17d28f8"
url = "https://github.com/cargo-bins/cargo-binstall/releases/download/v1.17.4/cargo-binstall-x86_64-unknown-linux-musl.tgz"

[tools.cargo-binstall."platforms.macos-arm64"]
checksum = "sha256:c689061413598fa32b77b6fd2a7300c6392faf008137194ab8a4cdb93c12040a"
url = "https://github.com/cargo-bins/cargo-binstall/releases/download/v1.17.4/cargo-binstall-aarch64-apple-darwin.zip"

[[tools."cargo:cargo-edit"]]
version = "0.13.8"
backend = "cargo:cargo-edit"

[[tools."cargo:cargo-insta"]]
version = "1.46.3"
backend = "cargo:cargo-insta"

[[tools."cargo:cargo-release"]]
version = "1.0.0"
backend = "cargo:cargo-release"

[[tools."cargo:cargo-semver-checks"]]
version = "0.46.0"
backend = "cargo:cargo-semver-checks"

[[tools."cargo:git-cliff"]]
version = "2.12.0"
backend = "cargo:git-cliff"

[[tools.communique]]
version = "0.1.7"
backend = "github:jdx/communique"

[[tools.gh]]
version = "2.86.0"
backend = "aqua:cli/cli"

[tools.gh."platforms.linux-x64"]
checksum = "sha256:f3b08bd6a28420cc2229b0a1a687fa25f2b838d3f04b297414c1041ca68103c7"
url = "https://github.com/cli/cli/releases/download/v2.86.0/gh_2.86.0_linux_amd64.tar.gz"

[tools.gh."platforms.macos-arm64"]
checksum = "sha256:bde753978a352c5ae6c4abec47334d516e82807af20c9dbbd45507a5a0aedaaa"
url = "https://github.com/cli/cli/releases/download/v2.86.0/gh_2.86.0_macOS_arm64.zip"

[[tools.node]]
version = "24.14.0"
backend = "core:node"

[tools.node."platforms.linux-x64"]
checksum = "sha256:dbf5b8665dec15e59e6359a517fefb47b23fdb9152d8def975b9bca3dfc6d355"
url = "https://nodejs.org/dist/v24.14.0/node-v24.14.0-linux-x64.tar.gz"

[tools.node."platforms.macos-arm64"]
checksum = "sha256:a1a54f46a750d2523d628d924aab61758a51c9dad3e0238beb14141be9615dd3"
url = "https://nodejs.org/dist/v24.14.0/node-v24.14.0-darwin-arm64.tar.gz"

[[tools."npm:prettier"]]
version = "3.8.1"
backend = "npm:prettier"

[[tools.pnpm]]
version = "10.29.3"
backend = "aqua:pnpm/pnpm"

[tools.pnpm."platforms.linux-x64"]
checksum = "sha256:2fc98db127c611be0c110af11b5b72759f7d736893dddc81df73b7b59b30f15a"
url = "https://github.com/pnpm/pnpm/releases/download/v10.29.3/pnpm-linux-x64"

[tools.pnpm."platforms.macos-arm64"]
checksum = "sha256:a248c56b0ab20443e18d0c8ee3207c6c564ee342bd3fc8694b3569a060cecece"
url = "https://github.com/pnpm/pnpm/releases/download/v10.29.3/pnpm-macos-arm64"

[[tools.shellcheck]]
version = "0.11.0"
backend = "aqua:koalaman/shellcheck"

[tools.shellcheck."platforms.linux-x64"]
checksum = "sha256:8c3be12b05d5c177a04c29e3c78ce89ac86f1595681cab149b65b97c4e227198"
url = "https://github.com/koalaman/shellcheck/releases/download/v0.11.0/shellcheck-v0.11.0.linux.x86_64.tar.xz"

[tools.shellcheck."platforms.macos-arm64"]
checksum = "sha256:56affdd8de5527894dca6dc3d7e0a99a873b0f004d7aabc30ae407d3f48b0a79"
url = "https://github.com/koalaman/shellcheck/releases/download/v0.11.0/shellcheck-v0.11.0.darwin.aarch64.tar.xz"
