# @generated - this file is auto-generated by `mise lock` https://mise.en.dev/dev-tools/mise-lock.html

lockfile_version = 2

[[tools."aqua:mitsuhiko/insta"]]
version = "1.48.0"
backend = "aqua:mitsuhiko/insta"
specifiers = ["latest"]

[tools."aqua:mitsuhiko/insta"."platforms.linux-x64"]
checksum = "sha256:1c05a480a5a7f755f0ea15b2d8e2f71ad51b9c3a270d38ac72005c57ac0a1487"
url = "https://github.com/mitsuhiko/insta/releases/download/1.48.0/cargo-insta-x86_64-unknown-linux-gnu.tar.xz"
url_api = "https://api.github.com/repos/mitsuhiko/insta/releases/assets/444757866"

[tools."aqua:mitsuhiko/insta"."platforms.linux-x64-musl"]
checksum = "sha256:703aa7d151ae59cac0bf8e7c2c27da4aca8070f3cb178f624ae10621ef77f5f5"
url = "https://github.com/mitsuhiko/insta/releases/download/1.48.0/cargo-insta-x86_64-unknown-linux-musl.tar.xz"
url_api = "https://api.github.com/repos/mitsuhiko/insta/releases/assets/444757872"

[tools."aqua:mitsuhiko/insta"."platforms.macos-arm64"]
checksum = "sha256:26f081f5bf62d1dc03aae9c4137188d66a2debe6bcaf2884f2153fcb6eda27cb"
url = "https://github.com/mitsuhiko/insta/releases/download/1.48.0/cargo-insta-aarch64-apple-darwin.tar.xz"
url_api = "https://api.github.com/repos/mitsuhiko/insta/releases/assets/444757856"

[tools."aqua:mitsuhiko/insta"."platforms.macos-x64"]
checksum = "sha256:e2d6d6fa4bcb30f7d4834f6254a6da7f2982a9e9a3882695aca5e83d64231267"
url = "https://github.com/mitsuhiko/insta/releases/download/1.48.0/cargo-insta-x86_64-apple-darwin.tar.xz"
url_api = "https://api.github.com/repos/mitsuhiko/insta/releases/assets/444757859"

[tools."aqua:mitsuhiko/insta"."platforms.windows-x64"]
checksum = "sha256:7e23929588aaf5daff1e93bfc4addca7ccf55195444e84552b6588c9d864642e"
url = "https://github.com/mitsuhiko/insta/releases/download/1.48.0/cargo-insta-x86_64-pc-windows-msvc.zip"
url_api = "https://api.github.com/repos/mitsuhiko/insta/releases/assets/444757862"

[[tools."aqua:orhun/git-cliff"]]
version = "2.14.2"
backend = "aqua:orhun/git-cliff"
specifiers = ["latest"]

[tools."aqua:orhun/git-cliff"."platforms.linux-arm64"]
checksum = "sha256:69e208f6e4baef3a0f9b759d5f44223aa9336b86c691072a3d0c98d35a816e69"
url = "https://github.com/orhun/git-cliff/releases/download/v2.14.2/git-cliff-2.14.2-aarch64-unknown-linux-gnu.tar.gz"
url_api = "https://api.github.com/repos/orhun/git-cliff/releases/assets/573483780"

[tools."aqua:orhun/git-cliff"."platforms.linux-arm64-musl"]
checksum = "sha256:4be21b21ec9699af4d330b224aeba8a41d41d8f5b351ca2da8a9ea2bdc36380f"
url = "https://github.com/orhun/git-cliff/releases/download/v2.14.2/git-cliff-2.14.2-aarch64-unknown-linux-musl.tar.gz"
url_api = "https://api.github.com/repos/orhun/git-cliff/releases/assets/573485334"

[tools."aqua:orhun/git-cliff"."platforms.linux-x64"]
checksum = "sha256:24f397c733add5390fdceee3a2088588ab0d5f944ce00d34cb7029b888cf2db4"
url = "https://github.com/orhun/git-cliff/releases/download/v2.14.2/git-cliff-2.14.2-x86_64-unknown-linux-gnu.tar.gz"
url_api = "https://api.github.com/repos/orhun/git-cliff/releases/assets/573483509"

[tools."aqua:orhun/git-cliff"."platforms.linux-x64-musl"]
checksum = "sha256:fa21e2fc70046fcfd0e43e5e4613873ab799aff3d9dc8559c00d31b270e417d0"
url = "https://github.com/orhun/git-cliff/releases/download/v2.14.2/git-cliff-2.14.2-x86_64-unknown-linux-musl.tar.gz"
url_api = "https://api.github.com/repos/orhun/git-cliff/releases/assets/573485273"

[tools."aqua:orhun/git-cliff"."platforms.macos-arm64"]
checksum = "sha256:a0be97e237d440d34c5e508ec21d070b2c85cbb8be48a46a56f9a4e8bd247f05"
url = "https://github.com/orhun/git-cliff/releases/download/v2.14.2/git-cliff-2.14.2-aarch64-apple-darwin.tar.gz"
url_api = "https://api.github.com/repos/orhun/git-cliff/releases/assets/573487203"

[tools."aqua:orhun/git-cliff"."platforms.macos-x64"]
checksum = "sha256:4e647d2deb152aca1e987f225cf42b080b991dd98f3bce4027ef95446d982ac3"
url = "https://github.com/orhun/git-cliff/releases/download/v2.14.2/git-cliff-2.14.2-x86_64-apple-darwin.tar.gz"
url_api = "https://api.github.com/repos/orhun/git-cliff/releases/assets/573484837"

[tools."aqua:orhun/git-cliff"."platforms.windows-x64"]
checksum = "sha256:6ece2112b3f4af462190ecbea4aeb1315fff6af415629b597f84319073c31131"
url = "https://github.com/orhun/git-cliff/releases/download/v2.14.2/git-cliff-2.14.2-x86_64-pc-windows-msvc.zip"
url_api = "https://api.github.com/repos/orhun/git-cliff/releases/assets/573487227"

[[tools.aube]]
version = "2.3.0"
backend = "github:endevco/aube"
specifiers = ["latest"]

[tools.aube."platforms.linux-arm64"]
checksum = "sha256:79d492a53a053a035d5b7b83b2e351207a75dd149cd8d37ce941dd46b0d555da"
url = "https://github.com/aubepkg/aube/releases/download/v2.3.0/aube-v2.3.0-aarch64-unknown-linux-gnu.tar.gz"
signer = "sigstore-oidc:https://github.com/aubepkg/aube/.github/workflows/release-plz.yml"

[tools.aube."platforms.linux-arm64-musl"]
checksum = "sha256:97827683411004bbde9a53b2ff7f6b5f83c011a00a83def555115fd1a8526b85"
url = "https://github.com/aubepkg/aube/releases/download/v2.3.0/aube-v2.3.0-aarch64-unknown-linux-musl.tar.gz"
signer = "sigstore-oidc:https://github.com/aubepkg/aube/.github/workflows/release-plz.yml"

[tools.aube."platforms.linux-x64"]
checksum = "sha256:250a7e2cf657e5e42f4fcce3443fa06ce457863fbbd4d8ccb7cfeb16a345b84d"
url = "https://github.com/aubepkg/aube/releases/download/v2.3.0/aube-v2.3.0-x86_64-unknown-linux-gnu.tar.gz"
signer = "sigstore-oidc:https://github.com/aubepkg/aube/.github/workflows/release-plz.yml"

[tools.aube."platforms.linux-x64-musl"]
checksum = "sha256:d70968db310cd48975a45d2fe26c0e43fc1f8a8f97b647dfe4d02166183c6aa1"
url = "https://github.com/aubepkg/aube/releases/download/v2.3.0/aube-v2.3.0-x86_64-unknown-linux-musl.tar.gz"
signer = "sigstore-oidc:https://github.com/aubepkg/aube/.github/workflows/release-plz.yml"

[tools.aube."platforms.macos-arm64"]
checksum = "sha256:717638c2fb87e3230d84c548ee9509f3dd880966744702c3e0d0345f1937c9b1"
url = "https://github.com/aubepkg/aube/releases/download/v2.3.0/aube-v2.3.0-aarch64-apple-darwin.tar.gz"
signer = "sigstore-oidc:https://github.com/aubepkg/aube/.github/workflows/release-plz.yml"

[tools.aube."platforms.macos-x64"]
checksum = "sha256:78dd12ce4344d3576b48a437337d702a7d45256efb1e637380191b693e5f97ed"
url = "https://github.com/aubepkg/aube/releases/download/v2.2.17/libaube-x86_64-apple-darwin.dylib"
url_api = "https://api.github.com/repos/aubepkg/aube/releases/assets/566074380"
provenance = "github-attestations"

[tools.aube."platforms.windows-x64"]
checksum = "sha256:a6b88d0ea8e364619adeb7b280fa2594e69fabe7362087ba0219113ba6af1e7e"
url = "https://github.com/aubepkg/aube/releases/download/v2.3.0/aube-v2.3.0-x86_64-pc-windows-msvc.zip"
signer = "sigstore-oidc:https://github.com/aubepkg/aube/.github/workflows/release-plz.yml"

[[tools.communique]]
version = "1.4.1"
backend = "packslip:github.com/jdx/communique"
specifiers = ["latest"]

[tools.communique."platforms.linux-arm64"]
checksum = "sha256:51cf76e08dea95cf063458aeb4af80cea0b096c7f31ca4ad0f98aa4b6cfb8bef"
url = "https://github.com/jdx/communique/releases/download/v1.4.1/communique-aarch64-unknown-linux-gnu.tar.gz"
signer = "sigstore-oidc:https://github.com/jdx/communique/.github/workflows/release.yml"

[tools.communique."platforms.linux-arm64-musl"]
checksum = "sha256:56b4917811897b102d14b03b38ff1236c88bbdf2d052a11388f9f2fc096a94b7"
url = "https://github.com/jdx/communique/releases/download/v1.4.1/communique-aarch64-unknown-linux-musl.tar.gz"
signer = "sigstore-oidc:https://github.com/jdx/communique/.github/workflows/release.yml"

[tools.communique."platforms.linux-x64"]
checksum = "sha256:5d26d71176c3988fff795a2b147ca0f1cf5bb4ed39f64a4f23733cfcd3728dda"
url = "https://github.com/jdx/communique/releases/download/v1.4.1/communique-x86_64-unknown-linux-gnu.tar.gz"
signer = "sigstore-oidc:https://github.com/jdx/communique/.github/workflows/release.yml"

[tools.communique."platforms.linux-x64-musl"]
checksum = "sha256:d58d4a91638e0eb1039169a06aa692b9f277f1ef787331412d104338b0652b25"
url = "https://github.com/jdx/communique/releases/download/v1.4.1/communique-x86_64-unknown-linux-musl.tar.gz"
signer = "sigstore-oidc:https://github.com/jdx/communique/.github/workflows/release.yml"

[tools.communique."platforms.macos-arm64"]
checksum = "sha256:7537d304bb5e750d79260454164af42975a67ba6ff1513e9c20ea75bc8f6983e"
url = "https://github.com/jdx/communique/releases/download/v1.4.1/communique-aarch64-apple-darwin.tar.gz"
signer = "sigstore-oidc:https://github.com/jdx/communique/.github/workflows/release.yml"

[tools.communique."platforms.windows-x64"]
checksum = "sha256:646738a955127b02bf69c4908399da0cab80edb40fa8578eda5f2a43b3c73ab7"
url = "https://github.com/jdx/communique/releases/download/v1.4.1/communique-x86_64-pc-windows-msvc.zip"
signer = "sigstore-oidc:https://github.com/jdx/communique/.github/workflows/release.yml"

[[tools.gh]]
version = "2.101.0"
backend = "aqua:cli/cli"
specifiers = ["latest"]

[tools.gh."platforms.linux-arm64"]
checksum = "sha256:b57e8063f18862647c9d22727c32e9da1b963f8bf9db648fe123a6975695640f"
url = "https://github.com/cli/cli/releases/download/v2.101.0/gh_2.101.0_linux_arm64.tar.gz"
url_api = "https://api.github.com/repos/cli/cli/releases/assets/565857147"
provenance = "github-attestations"

[tools.gh."platforms.linux-arm64-musl"]
checksum = "sha256:b57e8063f18862647c9d22727c32e9da1b963f8bf9db648fe123a6975695640f"
url = "https://github.com/cli/cli/releases/download/v2.101.0/gh_2.101.0_linux_arm64.tar.gz"
url_api = "https://api.github.com/repos/cli/cli/releases/assets/565857147"
provenance = "github-attestations"

[tools.gh."platforms.linux-x64"]
checksum = "sha256:9bca2d1c16825f109907a23307628a2f0698fbf99662b73a5cf0b020293072b8"
url = "https://github.com/cli/cli/releases/download/v2.101.0/gh_2.101.0_linux_amd64.tar.gz"
url_api = "https://api.github.com/repos/cli/cli/releases/assets/565857134"
provenance = "github-attestations"

[tools.gh."platforms.linux-x64-musl"]
checksum = "sha256:9bca2d1c16825f109907a23307628a2f0698fbf99662b73a5cf0b020293072b8"
url = "https://github.com/cli/cli/releases/download/v2.101.0/gh_2.101.0_linux_amd64.tar.gz"
url_api = "https://api.github.com/repos/cli/cli/releases/assets/565857134"
provenance = "github-attestations"

[tools.gh."platforms.macos-arm64"]
checksum = "sha256:e4303e39d8f07141c4bad4b99b01079f05029c59b27076e8fbc825c985ecdd8b"
url = "https://github.com/cli/cli/releases/download/v2.101.0/gh_2.101.0_macOS_arm64.zip"
url_api = "https://api.github.com/repos/cli/cli/releases/assets/565857200"
provenance = "github-attestations"

[tools.gh."platforms.macos-x64"]
checksum = "sha256:a6fd66c88e2f07d6e4e058173db341d07dd74d58cf8f19ae668293d2bb614ca3"
url = "https://github.com/cli/cli/releases/download/v2.101.0/gh_2.101.0_macOS_amd64.zip"
url_api = "https://api.github.com/repos/cli/cli/releases/assets/565857203"
provenance = "github-attestations"

[tools.gh."platforms.windows-x64"]
checksum = "sha256:bc6c814367b193cd8e713611d61e36013c0ef843b8f516458fe3eda039192794"
url = "https://github.com/cli/cli/releases/download/v2.101.0/gh_2.101.0_windows_amd64.zip"
url_api = "https://api.github.com/repos/cli/cli/releases/assets/565857681"
provenance = "github-attestations"

[[tools."github:crate-ci/cargo-release"]]
version = "1.1.6"
backend = "github:crate-ci/cargo-release"
specifiers = ["latest"]

[tools."github:crate-ci/cargo-release"."platforms.linux-arm64"]
checksum = "sha256:a74a3dc62204ed1c10e3da644fa6b5dc0abead13d1936e1a21f0decfaf26b983"
url = "https://github.com/crate-ci/cargo-release/releases/download/v1.1.6/cargo-release-v1.1.6-aarch64-unknown-linux-musl.tar.gz"
url_api = "https://api.github.com/repos/crate-ci/cargo-release/releases/assets/568871846"
provenance = "github-attestations"

[tools."github:crate-ci/cargo-release"."platforms.linux-arm64-musl"]
checksum = "sha256:a74a3dc62204ed1c10e3da644fa6b5dc0abead13d1936e1a21f0decfaf26b983"
url = "https://github.com/crate-ci/cargo-release/releases/download/v1.1.6/cargo-release-v1.1.6-aarch64-unknown-linux-musl.tar.gz"
url_api = "https://api.github.com/repos/crate-ci/cargo-release/releases/assets/568871846"
provenance = "github-attestations"

[tools."github:crate-ci/cargo-release"."platforms.linux-x64"]
checksum = "sha256:d82672b9f26b9a11f1b080eedeb74ffa3dd02d96ae9fb3cbc180e4a10d5417db"
url = "https://github.com/crate-ci/cargo-release/releases/download/v1.1.6/cargo-release-v1.1.6-x86_64-unknown-linux-musl.tar.gz"
url_api = "https://api.github.com/repos/crate-ci/cargo-release/releases/assets/568873165"
provenance = "github-attestations"

[tools."github:crate-ci/cargo-release"."platforms.linux-x64-musl"]
checksum = "sha256:d82672b9f26b9a11f1b080eedeb74ffa3dd02d96ae9fb3cbc180e4a10d5417db"
url = "https://github.com/crate-ci/cargo-release/releases/download/v1.1.6/cargo-release-v1.1.6-x86_64-unknown-linux-musl.tar.gz"
url_api = "https://api.github.com/repos/crate-ci/cargo-release/releases/assets/568873165"
provenance = "github-attestations"

[tools."github:crate-ci/cargo-release"."platforms.macos-arm64"]
checksum = "sha256:2f41e0d9f9538108f943f498af9f923cd6efd7e3ecdd69c7f78516bb29f32c53"
url = "https://github.com/crate-ci/cargo-release/releases/download/v1.1.6/cargo-release-v1.1.6-aarch64-apple-darwin.tar.gz"
url_api = "https://api.github.com/repos/crate-ci/cargo-release/releases/assets/568874942"
provenance = "github-attestations"

[tools."github:crate-ci/cargo-release"."platforms.macos-x64"]
checksum = "sha256:f1a5544f7b9464bc308caac45ed0a10d4839b6a38d7f83af27cfb72e68efe501"
url = "https://github.com/crate-ci/cargo-release/releases/download/v1.1.6/cargo-release-v1.1.6-x86_64-apple-darwin.tar.gz"
url_api = "https://api.github.com/repos/crate-ci/cargo-release/releases/assets/568875686"
provenance = "github-attestations"

[tools."github:crate-ci/cargo-release"."platforms.windows-x64"]
checksum = "sha256:511ac6eb265f137cf78c74f6488bcdad750e669b5dd63324cc5582ea5a59ab5e"
url = "https://github.com/crate-ci/cargo-release/releases/download/v1.1.6/cargo-release-v1.1.6-x86_64-pc-windows-msvc.zip"
url_api = "https://api.github.com/repos/crate-ci/cargo-release/releases/assets/568875956"
provenance = "github-attestations"

[[tools."github:jdx/tak"]]
version = "0.0.10"
backend = "github:jdx/tak"
specifiers = ["v0.0.10"]

[tools."github:jdx/tak"."platforms.linux-arm64"]
checksum = "sha256:525a4796db332f9f865063820095306efc5ed698ec3e7714e2185f26344335bd"
url = "https://github.com/jdx/tak/releases/download/v0.0.10/tak-aarch64-unknown-linux-gnu.tar.gz"
url_api = "https://api.github.com/repos/jdx/tak/releases/assets/545781784"
provenance = "github-attestations"

[tools."github:jdx/tak"."platforms.linux-arm64-musl"]
checksum = "sha256:ca8a988a994a9053084c5461be1d450bf164081608a6fea5e1ecfcc566470816"
url = "https://github.com/jdx/tak/releases/download/v0.0.10/tak-aarch64-unknown-linux-musl.tar.gz"
url_api = "https://api.github.com/repos/jdx/tak/releases/assets/545781786"
provenance = "github-attestations"

[tools."github:jdx/tak"."platforms.linux-x64"]
checksum = "sha256:56fe41af8906be449806e4fb199b46ab653e75540265631ba25c633259df5460"
url = "https://github.com/jdx/tak/releases/download/v0.0.10/tak-x86_64-unknown-linux-gnu.tar.gz"
url_api = "https://api.github.com/repos/jdx/tak/releases/assets/545781794"
provenance = "github-attestations"

[tools."github:jdx/tak"."platforms.linux-x64-musl"]
checksum = "sha256:3128ec683a75b1848ac74dc7e0f4673cbd24be10981bb9e6a04f2778ee4f0b7b"
url = "https://github.com/jdx/tak/releases/download/v0.0.10/tak-x86_64-unknown-linux-musl.tar.gz"
url_api = "https://api.github.com/repos/jdx/tak/releases/assets/545781793"
provenance = "github-attestations"

[tools."github:jdx/tak"."platforms.macos-arm64"]
checksum = "sha256:2d0dcb013e5c364b6bcc233a19398dd09450552995547060dd9cc10ebc04a731"
url = "https://github.com/jdx/tak/releases/download/v0.0.10/tak-aarch64-apple-darwin.tar.gz"
url_api = "https://api.github.com/repos/jdx/tak/releases/assets/545781785"
provenance = "github-attestations"

[tools."github:jdx/tak"."platforms.windows-x64"]
checksum = "sha256:02e352f1ac7285785857afc882cfddf98035da7fe2f0c2769acbd1f1f3e1624b"
url = "https://github.com/jdx/tak/releases/download/v0.0.10/tak-x86_64-pc-windows-msvc.zip"
url_api = "https://api.github.com/repos/jdx/tak/releases/assets/545781790"
provenance = "github-attestations"

[[tools."github:obi1kenobi/cargo-semver-checks"]]
version = "0.50.0"
backend = "github:obi1kenobi/cargo-semver-checks"
specifiers = ["latest"]

[tools."github:obi1kenobi/cargo-semver-checks"."platforms.linux-arm64"]
checksum = "sha256:e35f435ea322659381f52e7034bb4f0470108f5b267d29f13cf08152fa4af29b"
url = "https://github.com/obi1kenobi/cargo-semver-checks/releases/download/v0.50.0/cargo-semver-checks-aarch64-unknown-linux-gnu.tar.gz"
url_api = "https://api.github.com/repos/obi1kenobi/cargo-semver-checks/releases/assets/498086634"

[tools."github:obi1kenobi/cargo-semver-checks"."platforms.linux-arm64-musl"]
checksum = "sha256:3c44160c3fdd93f72d2f5c84774c370a63e09d0d17ae0cdcc3dde346f30a1348"
url = "https://github.com/obi1kenobi/cargo-semver-checks/releases/download/v0.50.0/cargo-semver-checks-aarch64-unknown-linux-musl.tar.gz"
url_api = "https://api.github.com/repos/obi1kenobi/cargo-semver-checks/releases/assets/498086895"

[tools."github:obi1kenobi/cargo-semver-checks"."platforms.linux-x64"]
checksum = "sha256:52a65dc88dc53fa8b57d6087954eb52cda149ca03bcfca78ce3fdecd23f893c4"
url = "https://github.com/obi1kenobi/cargo-semver-checks/releases/download/v0.50.0/cargo-semver-checks-x86_64-unknown-linux-gnu.tar.gz"
url_api = "https://api.github.com/repos/obi1kenobi/cargo-semver-checks/releases/assets/498085744"

[tools."github:obi1kenobi/cargo-semver-checks"."platforms.linux-x64-musl"]
checksum = "sha256:5763f6f62310f76428ba19d42cac060c56e07a1b8e3be0394c8c686398978f48"
url = "https://github.com/obi1kenobi/cargo-semver-checks/releases/download/v0.50.0/cargo-semver-checks-x86_64-unknown-linux-musl.tar.gz"
url_api = "https://api.github.com/repos/obi1kenobi/cargo-semver-checks/releases/assets/498087038"

[tools."github:obi1kenobi/cargo-semver-checks"."platforms.macos-arm64"]
checksum = "sha256:f99f928d67501c29e8410026f27a54cf799fb13611c3b4a6a58f2772cf7e3799"
url = "https://github.com/obi1kenobi/cargo-semver-checks/releases/download/v0.50.0/cargo-semver-checks-aarch64-apple-darwin.tar.gz"
url_api = "https://api.github.com/repos/obi1kenobi/cargo-semver-checks/releases/assets/498087281"

[tools."github:obi1kenobi/cargo-semver-checks"."platforms.macos-x64"]
checksum = "sha256:e320f7368a3d37a96d6509c0d5dd1d69bde4e8ef5fcb76d60b5a5a0ae4b755be"
url = "https://github.com/obi1kenobi/cargo-semver-checks/releases/download/v0.50.0/cargo-semver-checks-x86_64-apple-darwin.tar.gz"
url_api = "https://api.github.com/repos/obi1kenobi/cargo-semver-checks/releases/assets/498086502"

[tools."github:obi1kenobi/cargo-semver-checks"."platforms.windows-x64"]
checksum = "sha256:58854aaeaf84fee3266d1b4d9c45df585fe0478c7cabb4db4fac8f060a636864"
url = "https://github.com/obi1kenobi/cargo-semver-checks/releases/download/v0.50.0/cargo-semver-checks-x86_64-pc-windows-msvc.zip"
url_api = "https://api.github.com/repos/obi1kenobi/cargo-semver-checks/releases/assets/498090877"

[[tools.go]]
version = "1.27.1"
backend = "core:go"
specifiers = ["1.27.1"]

[tools.go."platforms.linux-arm64"]
checksum = "sha256:3450b45a3f9ee8568792736a5c5e70a1f2e9b36c35a8f74958c03e51d7d92bec"
url = "https://dl.google.com/go/go1.27.1.linux-arm64.tar.gz"

[tools.go."platforms.linux-arm64-musl"]
checksum = "sha256:3450b45a3f9ee8568792736a5c5e70a1f2e9b36c35a8f74958c03e51d7d92bec"
url = "https://dl.google.com/go/go1.27.1.linux-arm64.tar.gz"

[tools.go."platforms.linux-x64"]
checksum = "sha256:63d339f0da5ab53635a56f2490a7984dfe12dfcff22ad749f63edaf590168445"
url = "https://dl.google.com/go/go1.27.1.linux-amd64.tar.gz"

[tools.go."platforms.linux-x64-musl"]
checksum = "sha256:63d339f0da5ab53635a56f2490a7984dfe12dfcff22ad749f63edaf590168445"
url = "https://dl.google.com/go/go1.27.1.linux-amd64.tar.gz"

[tools.go."platforms.macos-arm64"]
checksum = "sha256:ee215d57e0ec269c60cc9ceca68e6bda321ba9ee5afe24f4b0988703c2d87d12"
url = "https://dl.google.com/go/go1.27.1.darwin-arm64.tar.gz"

[tools.go."platforms.macos-x64"]
checksum = "sha256:8f8f52c6649542cf027bbc9b9c68d1ec042f9f34808a40413f0b8b3f66f3caa4"
url = "https://dl.google.com/go/go1.27.1.darwin-amd64.tar.gz"

[tools.go."platforms.windows-x64"]
checksum = "sha256:a3911b5e0e1b1053f25ed0675f4c1c6aad1e2bfcf253df2b9be4caabd2edd95d"
url = "https://dl.google.com/go/go1.27.1.windows-amd64.zip"

[[tools.gofumpt]]
version = "0.12.0"
backend = "aqua:mvdan/gofumpt"
specifiers = ["0.12.0"]

[tools.gofumpt."platforms.linux-arm64"]
checksum = "sha256:4322f081241ab0618356aa5921a8c110e4c7acfc17175cc15dc57b2f4a4b652d"
url = "https://github.com/mvdan/gofumpt/releases/download/v0.12.0/gofumpt_v0.12.0_linux_arm64"
url_api = "https://api.github.com/repos/mvdan/gofumpt/releases/assets/549473501"

[tools.gofumpt."platforms.linux-arm64-musl"]
checksum = "sha256:4322f081241ab0618356aa5921a8c110e4c7acfc17175cc15dc57b2f4a4b652d"
url = "https://github.com/mvdan/gofumpt/releases/download/v0.12.0/gofumpt_v0.12.0_linux_arm64"
url_api = "https://api.github.com/repos/mvdan/gofumpt/releases/assets/549473501"

[tools.gofumpt."platforms.linux-x64"]
checksum = "sha256:3bc4fcad497439918f5f56d4987de4709a99da0a355e6bec13a7278532b01d38"
url = "https://github.com/mvdan/gofumpt/releases/download/v0.12.0/gofumpt_v0.12.0_linux_amd64"
url_api = "https://api.github.com/repos/mvdan/gofumpt/releases/assets/549473521"

[tools.gofumpt."platforms.linux-x64-musl"]
checksum = "sha256:3bc4fcad497439918f5f56d4987de4709a99da0a355e6bec13a7278532b01d38"
url = "https://github.com/mvdan/gofumpt/releases/download/v0.12.0/gofumpt_v0.12.0_linux_amd64"
url_api = "https://api.github.com/repos/mvdan/gofumpt/releases/assets/549473521"

[tools.gofumpt."platforms.macos-arm64"]
checksum = "sha256:1a3e325b956ed12c21031d9e13382bd51a4fabb57de8d40428819b9583c3cfb9"
url = "https://github.com/mvdan/gofumpt/releases/download/v0.12.0/gofumpt_v0.12.0_darwin_arm64"
url_api = "https://api.github.com/repos/mvdan/gofumpt/releases/assets/549473536"

[tools.gofumpt."platforms.macos-x64"]
checksum = "sha256:1d3626892a321aca96a891696eaecb8f68e69e90582c2b55672d5ca210fd5fa8"
url = "https://github.com/mvdan/gofumpt/releases/download/v0.12.0/gofumpt_v0.12.0_darwin_amd64"
url_api = "https://api.github.com/repos/mvdan/gofumpt/releases/assets/549473545"

[tools.gofumpt."platforms.windows-x64"]
checksum = "sha256:66bd679908b64864fc85417e7ea01148774b477364b9a02ab1c194333a55c997"
url = "https://github.com/mvdan/gofumpt/releases/download/v0.12.0/gofumpt_v0.12.0_windows_amd64.exe"
url_api = "https://api.github.com/repos/mvdan/gofumpt/releases/assets/549473475"

[[tools.golangci-lint]]
version = "2.13.2"
backend = "aqua:golangci/golangci-lint"
specifiers = ["2.13.2"]

[tools.golangci-lint."platforms.linux-arm64"]
checksum = "sha256:a2a4e0065aa41be71f7c5ac90f271b61751331e5d04314e62afe4027855f0893"
url = "https://github.com/golangci/golangci-lint/releases/download/v2.13.2/golangci-lint-2.13.2-linux-arm64.tar.gz"
url_api = "https://api.github.com/repos/golangci/golangci-lint/releases/assets/532995442"
provenance = "github-attestations"

[tools.golangci-lint."platforms.linux-arm64-musl"]
checksum = "sha256:a2a4e0065aa41be71f7c5ac90f271b61751331e5d04314e62afe4027855f0893"
url = "https://github.com/golangci/golangci-lint/releases/download/v2.13.2/golangci-lint-2.13.2-linux-arm64.tar.gz"
url_api = "https://api.github.com/repos/golangci/golangci-lint/releases/assets/532995442"
provenance = "github-attestations"

[tools.golangci-lint."platforms.linux-x64"]
checksum = "sha256:2277d43b98ec0054280f2ac26b53268bae97682444678a59a657dd565da021d6"
url = "https://github.com/golangci/golangci-lint/releases/download/v2.13.2/golangci-lint-2.13.2-linux-amd64.tar.gz"
url_api = "https://api.github.com/repos/golangci/golangci-lint/releases/assets/532995333"
provenance = "github-attestations"

[tools.golangci-lint."platforms.linux-x64-musl"]
checksum = "sha256:2277d43b98ec0054280f2ac26b53268bae97682444678a59a657dd565da021d6"
url = "https://github.com/golangci/golangci-lint/releases/download/v2.13.2/golangci-lint-2.13.2-linux-amd64.tar.gz"
url_api = "https://api.github.com/repos/golangci/golangci-lint/releases/assets/532995333"
provenance = "github-attestations"

[tools.golangci-lint."platforms.macos-arm64"]
checksum = "sha256:f4bf83f0b64f055c42b28fc9a38861839f69c096e61c788e72dfaae412011789"
url = "https://github.com/golangci/golangci-lint/releases/download/v2.13.2/golangci-lint-2.13.2-darwin-arm64.tar.gz"
url_api = "https://api.github.com/repos/golangci/golangci-lint/releases/assets/532995398"
provenance = "github-attestations"

[tools.golangci-lint."platforms.macos-x64"]
checksum = "sha256:8a13aaf9cbbb1dee52824e862cf0d0720e5bb97c1f4260d1e51623a09492b57b"
url = "https://github.com/golangci/golangci-lint/releases/download/v2.13.2/golangci-lint-2.13.2-darwin-amd64.tar.gz"
url_api = "https://api.github.com/repos/golangci/golangci-lint/releases/assets/532995222"
provenance = "github-attestations"

[tools.golangci-lint."platforms.windows-x64"]
checksum = "sha256:4735fdc8e84a0cfb7a15a1c364a650942f88215e0d36c674ebc4024f7b554524"
url = "https://github.com/golangci/golangci-lint/releases/download/v2.13.2/golangci-lint-2.13.2-windows-amd64.zip"
url_api = "https://api.github.com/repos/golangci/golangci-lint/releases/assets/532995335"
provenance = "github-attestations"

[[tools.hk]]
version = "2.0.1"
backend = "packslip:github.com/jdx/hk"
specifiers = ["latest"]

[tools.hk."platforms.linux-arm64"]
checksum = "sha256:8a28f2737914bbffa8dd16f39a2fc65d85e9a52261789cf6a1affd6c6762fbc1"
url = "https://github.com/jdx/hk/releases/download/v2.0.1/hk-aarch64-unknown-linux-gnu.tar.gz"
signer = "sigstore-oidc:https://github.com/jdx/hk/.github/workflows/release.yml"

[tools.hk."platforms.linux-arm64-musl"]
checksum = "sha256:b75f54bf8a3679a13a01d250959ae77fab033ca5025eb557b76442c59efa8eb8"
url = "https://github.com/jdx/hk/releases/download/v2.0.1/hk-aarch64-unknown-linux-musl.tar.gz"
signer = "sigstore-oidc:https://github.com/jdx/hk/.github/workflows/release.yml"

[tools.hk."platforms.linux-x64"]
checksum = "sha256:f14d0290a07f82911f32ea5e4a91dd80d90abb852488912b1ade9b240f70d615"
url = "https://github.com/jdx/hk/releases/download/v2.0.1/hk-x86_64-unknown-linux-gnu.tar.gz"
signer = "sigstore-oidc:https://github.com/jdx/hk/.github/workflows/release.yml"

[tools.hk."platforms.linux-x64-musl"]
checksum = "sha256:76269248e27114f361d533551ffca757e58a1d4abe880fd008df16d19128ea97"
url = "https://github.com/jdx/hk/releases/download/v2.0.1/hk-x86_64-unknown-linux-musl.tar.gz"
signer = "sigstore-oidc:https://github.com/jdx/hk/.github/workflows/release.yml"

[tools.hk."platforms.macos-arm64"]
checksum = "sha256:6ec393f898f562f76c4839a910356b4afec6740eff23f18ebdf8cf41c793a461"
url = "https://github.com/jdx/hk/releases/download/v2.0.1/hk-aarch64-apple-darwin.tar.gz"
signer = "sigstore-oidc:https://github.com/jdx/hk/.github/workflows/release.yml"

[tools.hk."platforms.windows-x64"]
checksum = "sha256:b3cb8ab5958393faacefabfb3a402060eb256b1fda8e1f83c74c3fc877ebff8f"
url = "https://github.com/jdx/hk/releases/download/v2.0.1/hk-x86_64-pc-windows-msvc.zip"
signer = "sigstore-oidc:https://github.com/jdx/hk/.github/workflows/release.yml"

[[tools.mr-boxington]]
version = "1.14.0"
backend = "packslip:github.com/jdx/mr-boxington"
specifiers = ["1.14.0"]

[tools.mr-boxington."platforms.linux-arm64"]
checksum = "sha256:fdf7965e886e25b2a34cefcc1a0b685159a0ee66002f58b720a0e29b5901fee8"
url = "https://github.com/jdx/mr-boxington/releases/download/v1.14.0/mbx-aarch64-unknown-linux-gnu.tar.gz"
signer = "sigstore-oidc:https://github.com/jdx/mr-boxington/.github/workflows/release.yml"

[tools.mr-boxington."platforms.linux-arm64-musl"]
checksum = "sha256:bdb15ae0cc6a124e770a53ec52ac08f6da0cc574efe4dc7f787884ead8da35f5"
url = "https://github.com/jdx/mr-boxington/releases/download/v1.14.0/mbx-aarch64-unknown-linux-musl.tar.gz"
signer = "sigstore-oidc:https://github.com/jdx/mr-boxington/.github/workflows/release.yml"

[tools.mr-boxington."platforms.linux-x64"]
checksum = "sha256:fc32cc431a9e022519b16348962f99ca84626ff25196bc11e61cb05df66fb069"
url = "https://github.com/jdx/mr-boxington/releases/download/v1.14.0/mbx-x86_64-unknown-linux-gnu.tar.gz"
signer = "sigstore-oidc:https://github.com/jdx/mr-boxington/.github/workflows/release.yml"

[tools.mr-boxington."platforms.linux-x64-musl"]
checksum = "sha256:e048e5ae5957fe18506e1dafd149e881fe373c9e1c0d3ad7a94a54149420ccbb"
url = "https://github.com/jdx/mr-boxington/releases/download/v1.14.0/mbx-x86_64-unknown-linux-musl.tar.gz"
signer = "sigstore-oidc:https://github.com/jdx/mr-boxington/.github/workflows/release.yml"

[tools.mr-boxington."platforms.macos-arm64"]
checksum = "sha256:ff743aad797d198c9381d36ff3c4f49e6a2601832f7bdf8cccdb34106e5385cd"
url = "https://github.com/jdx/mr-boxington/releases/download/v1.14.0/mbx-aarch64-apple-darwin.tar.gz"
signer = "sigstore-oidc:https://github.com/jdx/mr-boxington/.github/workflows/release.yml"

[tools.mr-boxington."platforms.windows-x64"]
checksum = "sha256:5d102168bd30ac480da37b663edde883501aee4778bd757a547773d36cbcabfe"
url = "https://github.com/jdx/mr-boxington/releases/download/v1.14.0/mbx-x86_64-pc-windows-msvc.zip"
signer = "sigstore-oidc:https://github.com/jdx/mr-boxington/.github/workflows/release.yml"

[[tools.node]]
version = "24.21.0"
backend = "core:node"
specifiers = ["24"]

[tools.node."platforms.linux-arm64"]
checksum = "sha256:724282c3b43aec998aa9527380465b45d229e021b58035f5f4f63095eabfe5d5"
url = "https://nodejs.org/dist/v24.21.0/node-v24.21.0-linux-arm64.tar.gz"

[tools.node."platforms.linux-arm64-musl"]
checksum = "sha256:3048b0811e158ca0d8672b59c839861763e144492980d8d29b369dfee45747e4"
url = "https://unofficial-builds.nodejs.org/download/release/v24.21.0/node-v24.21.0-linux-arm64-musl.tar.gz"

[tools.node."platforms.linux-x64"]
checksum = "sha256:6e1db87ef58b8819e5d5402eff1536491b18edd8eb7bee5ef7897876e88dc5ff"
url = "https://nodejs.org/dist/v24.21.0/node-v24.21.0-linux-x64.tar.gz"

[tools.node."platforms.linux-x64-musl"]
checksum = "sha256:01a713e34da98e7b4d2a3191ee7ca3f93dd0384d1a2ef23c379b2161ee6e133a"
url = "https://unofficial-builds.nodejs.org/download/release/v24.21.0/node-v24.21.0-linux-x64-musl.tar.gz"

[tools.node."platforms.macos-arm64"]
checksum = "sha256:bed7eea5325e1108f32ce5228ddd6a5f0f08a499ee42aa7442aea583702f6057"
url = "https://nodejs.org/dist/v24.21.0/node-v24.21.0-darwin-arm64.tar.gz"

[tools.node."platforms.macos-x64"]
checksum = "sha256:1462cb3b3046b815cf8ea436d3da450ec1a9f11dac7e5a46b0ada5305d7e8097"
url = "https://nodejs.org/dist/v24.21.0/node-v24.21.0-darwin-x64.tar.gz"

[tools.node."platforms.windows-x64"]
checksum = "sha256:158f7685b44de51f6c0df1d153526cbcd3e1bc739a8dfc607721cef75de9e541"
url = "https://nodejs.org/dist/v24.21.0/node-v24.21.0-win-x64.zip"

[[tools."npm:prettier"]]
version = "3.9.8"
aube = { path = ".mise/locks/npm-prettier/3.9.8", digest = "sha256:5c76115168054cd13c6ad573ac7befc182bce737bc8bca3ed27b8287e2611eeb" }
backend = "npm:prettier"
specifiers = ["latest"]

[[tools.python]]
version = "3.14.7"
backend = "core:python"
specifiers = ["latest"]

[tools.python."platforms.linux-arm64"]
checksum = "sha256:8a0798baa8a2c27b5751d590aced543eaa85e20b3f73d93c1af049688acdc9c5"
url = "https://github.com/astral-sh/python-build-standalone/releases/download/20260901/cpython-3.14.7+20260901-aarch64-unknown-linux-gnu-install_only_stripped.tar.gz"
provenance = "github-attestations"

[tools.python."platforms.linux-arm64-musl"]
checksum = "sha256:701c31d72187242302922a29f3bc6023ceb68b6b68fb8d4ed7568d1e6ef34548"
url = "https://github.com/astral-sh/python-build-standalone/releases/download/20260901/cpython-3.14.7+20260901-aarch64-unknown-linux-musl-install_only_stripped.tar.gz"
provenance = "github-attestations"

[tools.python."platforms.linux-x64"]
checksum = "sha256:3959f92825141e04adf44982d3a83ee57af0877e893b0796e04c1468749d9b04"
url = "https://github.com/astral-sh/python-build-standalone/releases/download/20260901/cpython-3.14.7+20260901-x86_64-unknown-linux-gnu-install_only_stripped.tar.gz"
provenance = "github-attestations"

[tools.python."platforms.linux-x64-musl"]
checksum = "sha256:c773f8a7357c0d1a29e208a14bc16386731ca9c0d2e51f1b6741967fb0632cdc"
url = "https://github.com/astral-sh/python-build-standalone/releases/download/20260901/cpython-3.14.7+20260901-x86_64-unknown-linux-musl-install_only_stripped.tar.gz"
provenance = "github-attestations"

[tools.python."platforms.macos-arm64"]
checksum = "sha256:4632cb1a6edad9e73d3c81b6d2e69131637d995173e3e85005df14102b0592ba"
url = "https://github.com/astral-sh/python-build-standalone/releases/download/20260901/cpython-3.14.7+20260901-aarch64-apple-darwin-install_only_stripped.tar.gz"
provenance = "github-attestations"

[tools.python."platforms.macos-x64"]
checksum = "sha256:7e151a7c9028855b61a7d6e78381f2020a1ef185281399f3b1aafc5e1c9a1a64"
url = "https://github.com/astral-sh/python-build-standalone/releases/download/20260901/cpython-3.14.7+20260901-x86_64-apple-darwin-install_only_stripped.tar.gz"
provenance = "github-attestations"

[tools.python."platforms.windows-x64"]
checksum = "sha256:ca3c33ca924dfcab3b74205a7a58a88b0255135c53f95497b26b5e60700fd66d"
url = "https://github.com/astral-sh/python-build-standalone/releases/download/20260901/cpython-3.14.7+20260901-x86_64-pc-windows-msvc-install_only_stripped.tar.gz"
provenance = "github-attestations"

[[tools.shellcheck]]
version = "0.11.0"
backend = "aqua:koalaman/shellcheck"
specifiers = ["latest"]

[tools.shellcheck."platforms.linux-arm64"]
checksum = "sha256:12b331c1d2db6b9eb13cfca64306b1b157a86eb69db83023e261eaa7e7c14588"
url = "https://github.com/koalaman/shellcheck/releases/download/v0.11.0/shellcheck-v0.11.0.linux.aarch64.tar.xz"
url_api = "https://api.github.com/repos/koalaman/shellcheck/releases/assets/279056934"

[tools.shellcheck."platforms.linux-arm64-musl"]
checksum = "sha256:12b331c1d2db6b9eb13cfca64306b1b157a86eb69db83023e261eaa7e7c14588"
url = "https://github.com/koalaman/shellcheck/releases/download/v0.11.0/shellcheck-v0.11.0.linux.aarch64.tar.xz"
url_api = "https://api.github.com/repos/koalaman/shellcheck/releases/assets/279056934"

[tools.shellcheck."platforms.linux-x64"]
checksum = "sha256:8c3be12b05d5c177a04c29e3c78ce89ac86f1595681cab149b65b97c4e227198"
url = "https://github.com/koalaman/shellcheck/releases/download/v0.11.0/shellcheck-v0.11.0.linux.x86_64.tar.xz"
url_api = "https://api.github.com/repos/koalaman/shellcheck/releases/assets/279056942"

[tools.shellcheck."platforms.linux-x64-musl"]
checksum = "sha256:8c3be12b05d5c177a04c29e3c78ce89ac86f1595681cab149b65b97c4e227198"
url = "https://github.com/koalaman/shellcheck/releases/download/v0.11.0/shellcheck-v0.11.0.linux.x86_64.tar.xz"
url_api = "https://api.github.com/repos/koalaman/shellcheck/releases/assets/279056942"

[tools.shellcheck."platforms.macos-arm64"]
checksum = "sha256:56affdd8de5527894dca6dc3d7e0a99a873b0f004d7aabc30ae407d3f48b0a79"
url = "https://github.com/koalaman/shellcheck/releases/download/v0.11.0/shellcheck-v0.11.0.darwin.aarch64.tar.xz"
url_api = "https://api.github.com/repos/koalaman/shellcheck/releases/assets/279056932"

[tools.shellcheck."platforms.macos-x64"]
checksum = "sha256:3c89db4edcab7cf1c27bff178882e0f6f27f7afdf54e859fa041fca10febe4c6"
url = "https://github.com/koalaman/shellcheck/releases/download/v0.11.0/shellcheck-v0.11.0.darwin.x86_64.tar.xz"
url_api = "https://api.github.com/repos/koalaman/shellcheck/releases/assets/279056930"

[tools.shellcheck."platforms.windows-x64"]
checksum = "sha256:8a4e35ab0b331c85d73567b12f2a444df187f483e5079ceffa6bda1faa2e740e"
url = "https://github.com/koalaman/shellcheck/releases/download/v0.11.0/shellcheck-v0.11.0.zip"
url_api = "https://api.github.com/repos/koalaman/shellcheck/releases/assets/279056944"
