lockfileVersion: '9.0'

settings:
  autoInstallPeers: true
  excludeLinksFromLockfile: false

importers:

  .:
    dependencies:
      tsc:
        specifier: 2.0.4
        version: 2.0.4

packages:

  tsc@2.0.4:
    resolution: {integrity: sha512-fzoSieZI5KKJVBYGvwbVZs/J5za84f2lSTLPYf6AGiIf43tZ3GNrI1QzTLcjtyDDP4aLxd46RTZq1nQxe7+k5Q==}
    deprecated: Package no longer supported. Contact Support at https://www.npmjs.com/support for more info.
    hasBin: true

snapshots:

  tsc@2.0.4: {}
